{
  "name": "guru-api",
  "version": "1.0.0",
  "lockfileVersion": 3,
  "requires": true,
  "packages": {
    "": {
      "name": "guru-api",
      "version": "1.0.0",
      "dependencies": {
        "@fastify/cors": "^10.0.1",
        "@hapi/boom": "^10.0.1",
        "@whiskeysockets/baileys": "7.0.0-rc.9",
        "fastify": "^5.6.2",
        "jose": "^6.1.0",
        "pino": "^10.1.0"
      },
      "devDependencies": {
        "@types/node": "^22",
        "tsx": "^4.19.2",
        "typescript": "^5"
      },
      "engines": {
        "node": ">=20"
      }
    },
    "../../node_modules/.pnpm/@fastify+cors@10.1.0/node_modules/@fastify/cors": {
      "version": "10.1.0",
      "funding": [
        {
          "type": "github",
          "url": "https://github.com/sponsors/fastify"
        },
        {
          "type": "opencollective",
          "url": "https://opencollective.com/fastify"
        }
      ],
      "license": "MIT",
      "dependencies": {
        "fastify-plugin": "^5.0.0",
        "mnemonist": "0.40.0"
      },
      "devDependencies": {
        "@fastify/pre-commit": "^2.1.0",
        "@types/node": "^22.0.0",
        "c8": "^10.1.2",
        "cors": "^2.8.5",
        "eslint": "^9.17.0",
        "fastify": "^5.0.0",
        "neostandard": "^0.12.0",
        "tsd": "^0.31.1",
        "typescript": "~5.7.2"
      }
    },
    "../../node_modules/.pnpm/@hapi+boom@10.0.1/node_modules/@hapi/boom": {
      "version": "10.0.1",
      "license": "BSD-3-Clause",
      "dependencies": {
        "@hapi/hoek": "^11.0.2"
      },
      "devDependencies": {
        "@hapi/code": "9.x.x",
        "@hapi/eslint-plugin": "*",
        "@hapi/lab": "^25.1.0",
        "@types/node": "^17.0.31",
        "typescript": "~4.6.4"
      }
    },
    "../../node_modules/.pnpm/@types+node@22.19.10/node_modules/@types/node": {
      "version": "22.19.10",
      "dev": true,
      "license": "MIT",
      "dependencies": {
        "undici-types": "~6.21.0"
      }
    },
    "../../node_modules/.pnpm/@whiskeysockets+baileys@7.0.0-rc.9_sharp@0.34.5/node_modules/@whiskeysockets/baileys": {
      "version": "7.0.0-rc.9",
      "hasInstallScript": true,
      "license": "MIT",
      "dependencies": {
        "@cacheable/node-cache": "^1.4.0",
        "@hapi/boom": "^9.1.3",
        "async-mutex": "^0.5.0",
        "libsignal": "git+https://github.com/whiskeysockets/libsignal-node",
        "lru-cache": "^11.1.0",
        "music-metadata": "^11.7.0",
        "p-queue": "^9.0.0",
        "pino": "^9.6",
        "protobufjs": "^7.2.4",
        "ws": "^8.13.0"
      },
      "devDependencies": {
        "@eslint/eslintrc": "^3.3.1",
        "@eslint/js": "^9.31.0",
        "@types/jest": "^30.0.0",
        "@types/node": "^20.9.0",
        "@types/ws": "^8.0.0",
        "@typescript-eslint/eslint-plugin": "^8",
        "@typescript-eslint/parser": "^8",
        "@whiskeysockets/eslint-config": "^1.0.0",
        "conventional-changelog": "^7.1.1",
        "conventional-changelog-angular": "^8.0.0",
        "esbuild-register": "^3.6.0",
        "eslint": "^9",
        "eslint-config-prettier": "^10.1.2",
        "eslint-plugin-prettier": "^5.4.0",
        "jest": "^30.0.5",
        "jimp": "^1.6.0",
        "jiti": "^2.4.2",
        "json": "^11.0.0",
        "link-preview-js": "^3.0.0",
        "lru-cache": "^11.1.0",
        "open": "^8.4.2",
        "pino-pretty": "^13.1.1",
        "prettier": "^3.5.3",
        "protobufjs-cli": "^1.1.3",
        "release-it": "^15.10.3",
        "ts-jest": "^29.4.0",
        "tsc-esm-fix": "^3.1.2",
        "tsx": "^4.20.3",
        "typedoc": "^0.27.9",
        "typedoc-plugin-markdown": "4.4.2",
        "typescript": "^5.8.2"
      },
      "engines": {
        "node": ">=20.0.0"
      },
      "peerDependencies": {
        "audio-decode": "^2.1.3",
        "jimp": "^1.6.0",
        "link-preview-js": "^3.0.0",
        "sharp": "*"
      },
      "peerDependenciesMeta": {
        "audio-decode": {
          "optional": true
        },
        "jimp": {
          "optional": true
        },
        "link-preview-js": {
          "optional": true
        }
      }
    },
    "../../node_modules/.pnpm/fastify@5.7.4/node_modules/fastify": {
      "version": "5.7.4",
      "funding": [
        {
          "type": "github",
          "url": "https://github.com/sponsors/fastify"
        },
        {
          "type": "opencollective",
          "url": "https://opencollective.com/fastify"
        }
      ],
      "license": "MIT",
      "dependencies": {
        "@fastify/ajv-compiler": "^4.0.5",
        "@fastify/error": "^4.0.0",
        "@fastify/fast-json-stringify-compiler": "^5.0.0",
        "@fastify/proxy-addr": "^5.0.0",
        "abstract-logging": "^2.0.1",
        "avvio": "^9.0.0",
        "fast-json-stringify": "^6.0.0",
        "find-my-way": "^9.0.0",
        "light-my-request": "^6.0.0",
        "pino": "^10.1.0",
        "process-warning": "^5.0.0",
        "rfdc": "^1.3.1",
        "secure-json-parse": "^4.0.0",
        "semver": "^7.6.0",
        "toad-cache": "^3.7.0"
      },
      "devDependencies": {
        "@jsumners/line-reporter": "^1.0.1",
        "@sinclair/typebox": "^0.34.13",
        "@sinonjs/fake-timers": "^11.2.2",
        "@stylistic/eslint-plugin": "^5.1.0",
        "@stylistic/eslint-plugin-js": "^4.1.0",
        "@types/node": "^25.0.3",
        "ajv": "^8.12.0",
        "ajv-errors": "^3.0.0",
        "ajv-formats": "^3.0.1",
        "ajv-i18n": "^4.2.0",
        "ajv-merge-patch": "^5.0.1",
        "autocannon": "^8.0.0",
        "borp": "^0.21.0",
        "branch-comparer": "^1.1.0",
        "concurrently": "^9.1.2",
        "cross-env": "^10.0.0",
        "eslint": "^9.0.0",
        "fast-json-body": "^1.1.0",
        "fastify-plugin": "^5.0.0",
        "fluent-json-schema": "^6.0.0",
        "h2url": "^0.2.0",
        "http-errors": "^2.0.0",
        "joi": "^18.0.1",
        "json-schema-to-ts": "^3.0.1",
        "JSONStream": "^1.3.5",
        "markdownlint-cli2": "^0.20.0",
        "neostandard": "^0.12.0",
        "node-forge": "^1.3.1",
        "proxyquire": "^2.1.3",
        "split2": "^4.2.0",
        "tsd": "^0.33.0",
        "typescript": "~5.9.2",
        "undici": "^7.11.0",
        "vary": "^1.1.2",
        "yup": "^1.4.0"
      }
    },
    "../../node_modules/.pnpm/jose@6.1.3/node_modules/jose": {
      "version": "6.1.3",
      "license": "MIT",
      "funding": {
        "url": "https://github.com/sponsors/panva"
      }
    },
    "../../node_modules/.pnpm/pino@10.3.1/node_modules/pino": {
      "version": "10.3.1",
      "license": "MIT",
      "dependencies": {
        "@pinojs/redact": "^0.4.0",
        "atomic-sleep": "^1.0.0",
        "on-exit-leak-free": "^2.1.0",
        "pino-abstract-transport": "^3.0.0",
        "pino-std-serializers": "^7.0.0",
        "process-warning": "^5.0.0",
        "quick-format-unescaped": "^4.0.3",
        "real-require": "^0.2.0",
        "safe-stable-stringify": "^2.3.1",
        "sonic-boom": "^4.0.1",
        "thread-stream": "^4.0.0"
      },
      "bin": {
        "pino": "bin.js"
      },
      "devDependencies": {
        "@arethetypeswrong/cli": "^0.18.1",
        "@matteo.collina/tspl": "^0.2.0",
        "@types/flush-write-stream": "^1.0.0",
        "@types/node": "^25.0.3",
        "airtap": "5.0.0",
        "bole": "^5.0.5",
        "borp": "^0.21.0",
        "bunyan": "^1.8.14",
        "debug": "^4.3.4",
        "docsify-cli": "^4.4.4",
        "eslint": "^9.37.0",
        "eslint-plugin-import": "^2.26.0",
        "eslint-plugin-n": "17.23.2",
        "eslint-plugin-node": "^11.1.0",
        "eslint-plugin-promise": "^6.0.0",
        "execa": "^5.0.0",
        "fastbench": "^1.0.1",
        "flush-write-stream": "^2.0.0",
        "import-fresh": "^3.2.1",
        "jest": "^30.0.3",
        "log": "^6.0.0",
        "loglevel": "^1.6.7",
        "midnight-smoker": "1.1.1",
        "neostandard": "^0.12.2",
        "pino-pretty": "^13.0.0",
        "pre-commit": "^1.2.2",
        "proxyquire": "^2.1.3",
        "pump": "^3.0.0",
        "rimraf": "^6.0.1",
        "semver": "^7.3.7",
        "split2": "^4.0.0",
        "steed": "^1.1.3",
        "strip-ansi": "^6.0.0",
        "tape": "^5.5.3",
        "through2": "^4.0.0",
        "ts-node": "^10.9.1",
        "tsd": "^0.33.0",
        "typescript": "~5.9.2",
        "winston": "^3.7.2"
      }
    },
    "../../node_modules/.pnpm/tsx@4.21.0/node_modules/tsx": {
      "version": "4.21.0",
      "dev": true,
      "license": "MIT",
      "dependencies": {
        "esbuild": "~0.27.0",
        "get-tsconfig": "^4.7.5"
      },
      "bin": {
        "tsx": "dist/cli.mjs"
      },
      "engines": {
        "node": ">=18.0.0"
      },
      "optionalDependencies": {
        "fsevents": "~2.3.3"
      }
    },
    "../../node_modules/.pnpm/typescript@5.9.3/node_modules/typescript": {
      "version": "5.9.3",
      "dev": true,
      "license": "Apache-2.0",
      "bin": {
        "tsc": "bin/tsc",
        "tsserver": "bin/tsserver"
      },
      "devDependencies": {
        "@dprint/formatter": "^0.4.1",
        "@dprint/typescript": "0.93.4",
        "@esfx/canceltoken": "^1.0.0",
        "@eslint/js": "^9.20.0",
        "@octokit/rest": "^21.1.1",
        "@types/chai": "^4.3.20",
        "@types/diff": "^7.0.1",
        "@types/minimist": "^1.2.5",
        "@types/mocha": "^10.0.10",
        "@types/ms": "^0.7.34",
        "@types/node": "latest",
        "@types/source-map-support": "^0.5.10",
        "@types/which": "^3.0.4",
        "@typescript-eslint/rule-tester": "^8.24.1",
        "@typescript-eslint/type-utils": "^8.24.1",
        "@typescript-eslint/utils": "^8.24.1",
        "azure-devops-node-api": "^14.1.0",
        "c8": "^10.1.3",
        "chai": "^4.5.0",
        "chokidar": "^4.0.3",
        "diff": "^7.0.0",
        "dprint": "^0.49.0",
        "esbuild": "^0.25.0",
        "eslint": "^9.20.1",
        "eslint-formatter-autolinkable-stylish": "^1.4.0",
        "eslint-plugin-regexp": "^2.7.0",
        "fast-xml-parser": "^4.5.2",
        "glob": "^10.4.5",
        "globals": "^15.15.0",
        "hereby": "^1.10.0",
        "jsonc-parser": "^3.3.1",
        "knip": "^5.44.4",
        "minimist": "^1.2.8",
        "mocha": "^10.8.2",
        "mocha-fivemat-progress-reporter": "^0.1.0",
        "monocart-coverage-reports": "^2.12.1",
        "ms": "^2.1.3",
        "picocolors": "^1.1.1",
        "playwright": "^1.50.1",
        "source-map-support": "^0.5.21",
        "tslib": "^2.8.1",
        "typescript": "^5.7.3",
        "typescript-eslint": "^8.24.1",
        "which": "^3.0.1"
      },
      "engines": {
        "node": ">=14.17"
      }
    },
    "node_modules/@fastify/cors": {
      "resolved": "../../node_modules/.pnpm/@fastify+cors@10.1.0/node_modules/@fastify/cors",
      "link": true
    },
    "node_modules/@hapi/boom": {
      "resolved": "../../node_modules/.pnpm/@hapi+boom@10.0.1/node_modules/@hapi/boom",
      "link": true
    },
    "node_modules/@types/node": {
      "resolved": "../../node_modules/.pnpm/@types+node@22.19.10/node_modules/@types/node",
      "link": true
    },
    "node_modules/@whiskeysockets/baileys": {
      "resolved": "../../node_modules/.pnpm/@whiskeysockets+baileys@7.0.0-rc.9_sharp@0.34.5/node_modules/@whiskeysockets/baileys",
      "link": true
    },
    "node_modules/fastify": {
      "resolved": "../../node_modules/.pnpm/fastify@5.7.4/node_modules/fastify",
      "link": true
    },
    "node_modules/jose": {
      "resolved": "../../node_modules/.pnpm/jose@6.1.3/node_modules/jose",
      "link": true
    },
    "node_modules/pino": {
      "resolved": "../../node_modules/.pnpm/pino@10.3.1/node_modules/pino",
      "link": true
    },
    "node_modules/tsx": {
      "resolved": "../../node_modules/.pnpm/tsx@4.21.0/node_modules/tsx",
      "link": true
    },
    "node_modules/typescript": {
      "resolved": "../../node_modules/.pnpm/typescript@5.9.3/node_modules/typescript",
      "link": true
    }
  }
}
